{
  "name": "exercise-9-w0436300",
  "version": "1.0.0",
  "lockfileVersion": 3,
  "requires": true,
  "packages": {
    "": {
      "name": "exercise-9-w0436300",
      "version": "1.0.0",
      "license": "ISC",
      "dependencies": {
        "@types/geojson": "^7946.0.13",
        "@types/leaflet": "^1.9.4",
        "@types/leaflet-rotatedmarker": "^0.2.5",
        "leaflet-rotatedmarker": "^0.2.0"
      }
    },
    "node_modules/@types/geojson": {
      "version": "7946.0.13",
      "resolved": "https://registry.npmjs.org/@types/geojson/-/geojson-7946.0.13.tgz",
      "integrity": "sha512-bmrNrgKMOhM3WsafmbGmC+6dsF2Z308vLFsQ3a/bT8X8Sv5clVYpPars/UPq+sAaJP+5OoLAYgwbkS5QEJdLUQ=="
    },
    "node_modules/@types/leaflet": {
      "version": "1.9.4",
      "resolved": "https://registry.npmjs.org/@types/leaflet/-/leaflet-1.9.4.tgz",
      "integrity": "sha512-kfwgQf4eOxoe/tD9CaKQrBKHbc7VpyfJOG5sxsQtkH+ML9xYa8hUC3UMa0wU1pKfciJtO0pU9g9XbWhPo7iBCA==",
      "dependencies": {
        "@types/geojson": "*"
      }
    },
    "node_modules/@types/leaflet-rotatedmarker": {
      "version": "0.2.5",
      "resolved": "https://registry.npmjs.org/@types/leaflet-rotatedmarker/-/leaflet-rotatedmarker-0.2.5.tgz",
      "integrity": "sha512-GaKK1bdQ6NYGkVdZj2cHe8Eu1BVf40Jhtmd8pZj5gQSJcTy5iTog0hsMIhf6QQDKnaEgrRJzm4OES6B9vxi4dw==",
      "dependencies": {
        "@types/leaflet": "*"
      }
    },
    "node_modules/leaflet-rotatedmarker": {
      "version": "0.2.0",
      "resolved": "https://registry.npmjs.org/leaflet-rotatedmarker/-/leaflet-rotatedmarker-0.2.0.tgz",
      "integrity": "sha512-yc97gxLXwbZa+Gk9VCcqI0CkvIBC9oNTTjFsHqq4EQvANrvaboib4UdeQLyTnEqDpaXHCqzwwVIDHtvz2mUiDg=="
    }
  }
}
